github.com/kelseyhightower/envconfig v1.4.0 h1:Im6hONhd3pLkfDFsbRgu68RDNkGF1r3dvMUtDTo2cv8=
github.com/kelseyhightower/envconfig v1.4.0/go.mod h1:cccZRl6mQpaq41TPp5QxidR+Sa3axMbJDNb//FQX6Gg=
github.com/stackus/dotenv v0.0.0-20221206033122-02295762494b h1:/3yHnKZ62k34OrQVScJCZM2qax7khmkAHwT/5lrlHUU=
github.com/stackus/dotenv v0.0.0-20221206033122-02295762494b/go.mod h1:+zTLFeTOJkiI6favYN9c9q2u9/kGbV57iIPbgkLVWrU=
golang.org/x/sync v0.2.0 h1:PUR+T4wwASmuSTYdKjYHI5TD22Wy5ogLU5qZCOLxBrI=
golang.org/x/sync v0.2.0/go.mod h1:RxMgew5VJxzue5/jJTE5uejpjVlOe/izrB70Jof72aM=
